
Microsoft Visual Studio Solution File, Format Version 11.00
# Visual Studio 2010
Project("{FAE04EC0-301F-11D3-BF4B-00C04F79EFBC}") = "fire", "Assembly-CSharp.csproj", "{94CC1B08-2578-8737-6653-B8F892E3BEF8}"
EndProject
Project("{FAE04EC0-301F-11D3-BF4B-00C04F79EFBC}") = "fire", "Assembly-CSharp-Editor.csproj", "{43077FBD-6348-9C71-228E-A1151AA243F3}"
EndProject
Global
	GlobalSection(SolutionConfigurationPlatforms) = preSolution
		Debug|Any CPU = Debug|Any CPU
		Release|Any CPU = Release|Any CPU
	EndGlobalSection
	GlobalSection(ProjectConfigurationPlatforms) = postSolution
		{94CC1B08-2578-8737-6653-B8F892E3BEF8}.Debug|Any CPU.ActiveCfg = Debug|Any CPU
		{94CC1B08-2578-8737-6653-B8F892E3BEF8}.Debug|Any CPU.Build.0 = Debug|Any CPU
		{94CC1B08-2578-8737-6653-B8F892E3BEF8}.Release|Any CPU.ActiveCfg = Release|Any CPU
		{94CC1B08-2578-8737-6653-B8F892E3BEF8}.Release|Any CPU.Build.0 = Release|Any CPU
		{43077FBD-6348-9C71-228E-A1151AA243F3}.Debug|Any CPU.ActiveCfg = Debug|Any CPU
		{43077FBD-6348-9C71-228E-A1151AA243F3}.Debug|Any CPU.Build.0 = Debug|Any CPU
		{43077FBD-6348-9C71-228E-A1151AA243F3}.Release|Any CPU.ActiveCfg = Release|Any CPU
		{43077FBD-6348-9C71-228E-A1151AA243F3}.Release|Any CPU.Build.0 = Release|Any CPU
	EndGlobalSection
	GlobalSection(SolutionProperties) = preSolution
		HideSolutionNode = FALSE
	EndGlobalSection
	GlobalSection(MonoDevelopProperties) = preSolution
		StartupItem = Assembly-CSharp.csproj
	EndGlobalSection
EndGlobal
